// !$*UTF8*$!
{
	archiveVersion = 1;
	classes = {
	};
	objectVersion = 50;
	objects = {

/* Begin PBXBuildFile section */
		C208189F21766E61006C4F43 /* AppDelegate.swift in Sources */ = {isa = PBXBuildFile; fileRef = C208189E21766E61006C4F43 /* AppDelegate.swift */; };
		C20818A121766E61006C4F43 /* ViewController.swift in Sources */ = {isa = PBXBuildFile; fileRef = C20818A021766E61006C4F43 /* ViewController.swift */; };
		C20818A421766E61006C4F43 /* Main.storyboard in Resources */ = {isa = PBXBuildFile; fileRef = C20818A221766E61006C4F43 /* Main.storyboard */; };
		C20818A621766E64006C4F43 /* Assets.xcassets in Resources */ = {isa = PBXBuildFile; fileRef = C20818A521766E64006C4F43 /* Assets.xcassets */; };
		C20818A921766E64006C4F43 /* LaunchScreen.storyboard in Resources */ = {isa = PBXBuildFile; fileRef = C20818A721766E64006C4F43 /* LaunchScreen.storyboard */; };
		C20818B121766EDF006C4F43 /* ble.swift in Sources */ = {isa = PBXBuildFile; fileRef = C20818B021766EDF006C4F43 /* ble.swift */; };
/* End PBXBuildFile section */

/* Begin PBXFileReference section */
		C208189B21766E61006C4F43 /* ble_example.app */ = {isa = PBXFileReference; explicitFileType = wrapper.application; includeInIndex = 0; path = ble_example.app; sourceTree = BUILT_PRODUCTS_DIR; };
		C208189E21766E61006C4F43 /* AppDelegate.swift */ = {isa = PBXFileReference; lastKnownFileType = sourcecode.swift; path = AppDelegate.swift; sourceTree = "<group>"; };
		C20818A021766E61006C4F43 /* ViewController.swift */ = {isa = PBXFileReference; lastKnownFileType = sourcecode.swift; path = ViewController.swift; sourceTree = "<group>"; };
		C20818A321766E61006C4F43 /* Base */ = {isa = PBXFileReference; lastKnownFileType = file.storyboard; name = Base; path = Base.lproj/Main.storyboard; sourceTree = "<group>"; };
		C20818A521766E64006C4F43 /* Assets.xcassets */ = {isa = PBXFileReference; lastKnownFileType = folder.assetcatalog; path = Assets.xcassets; sourceTree = "<group>"; };
		C20818A821766E64006C4F43 /* Base */ = {isa = PBXFileReference; lastKnownFileType = file.storyboard; name = Base; path = Base.lproj/LaunchScreen.storyboard; sourceTree = "<group>"; };
		C20818AA21766E64006C4F43 /* Info.plist */ = {isa = PBXFileReference; lastKnownFileType = text.plist.xml; path = Info.plist; sourceTree = "<group>"; };
		C20818B021766EDF006C4F43 /* ble.swift */ = {isa = PBXFileReference; lastKnownFileType = sourcecode.swift; path = ble.swift; sourceTree = "<group>"; };
/* End PBXFileReference section */

/* Begin PBXFrameworksBuildPhase section */
		C208189821766E61006C4F43 /* Frameworks */ = {
			isa = PBXFrameworksBuildPhase;
			buildActionMask = 2147483647;
			files = (
			);
			runOnlyForDeploymentPostprocessing = 0;
		};
/* End PBXFrameworksBuildPhase section */

/* Begin PBXGroup section */
		C208189221766E61006C4F43 = {
			isa = PBXGroup;
			children = (
				C208189D21766E61006C4F43 /* ble_example */,
				C208189C21766E61006C4F43 /* Products */,
			);
			sourceTree = "<group>";
		};
		C208189C21766E61006C4F43 /* Products */ = {
			isa = PBXGroup;
			children = (
				C208189B21766E61006C4F43 /* ble_example.app */,
			);
			name = Products;
			sourceTree = "<group>";
		};
		C208189D21766E61006C4F43 /* ble_example */ = {
			isa = PBXGroup;
			children = (
				C208189E21766E61006C4F43 /* AppDelegate.swift */,
				C20818A021766E61006C4F43 /* ViewController.swift */,
				C20818A221766E61006C4F43 /* Main.storyboard */,
				C20818A521766E64006C4F43 /* Assets.xcassets */,
				C20818A721766E64006C4F43 /* LaunchScreen.storyboard */,
				C20818AA21766E64006C4F43 /* Info.plist */,
				C20818B021766EDF006C4F43 /* ble.swift */,
			);
			path = ble_example;
			sourceTree = "<group>";
		};
/* End PBXGroup section */

/* Begin PBXNativeTarget section */
		C208189A21766E61006C4F43 /* ble_example */ = {
			isa = PBXNativeTarget;
			buildConfigurationList = C20818AD21766E64006C4F43 /* Build configuration list for PBXNativeTarget "ble_example" */;
			buildPhases = (
				C208189721766E61006C4F43 /* Sources */,
				C208189821766E61006C4F43 /* Frameworks */,
				C208189921766E61006C4F43 /* Resources */,
			);
			buildRules = (
			);
			dependencies = (
			);
			name = ble_example;
			productName = ble_example;
			productReference = C208189B21766E61006C4F43 /* ble_example.app */;
			productType = "com.apple.product-type.application";
		};
/* End PBXNativeTarget section */

/* Begin PBXProject section */
		C208189321766E61006C4F43 /* Project object */ = {
			isa = PBXProject;
			attributes = {
				LastSwiftUpdateCheck = 1000;
				LastUpgradeCheck = 1000;
				ORGANIZATIONNAME = PATCH;
				TargetAttributes = {
					C208189A21766E61006C4F43 = {
						CreatedOnToolsVersion = 10.0;
					};
				};
			};
			buildConfigurationList = C208189621766E61006C4F43 /* Build configuration list for PBXProject "ble_example" */;
			compatibilityVersion = "Xcode 9.3";
			developmentRegion = en;
			hasScannedForEncodings = 0;
			knownRegions = (
				en,
				Base,
			);
			mainGroup = C208189221766E61006C4F43;
			productRefGroup = C208189C21766E61006C4F43 /* Products */;
			projectDirPath = "";
			projectRoot = "";
			targets = (
				C208189A21766E61006C4F43 /* ble_example */,
			);
		};
/* End PBXProject section */

/* Begin PBXResourcesBuildPhase section */
		C208189921766E61006C4F43 /* Resources */ = {
			isa = PBXResourcesBuildPhase;
			buildActionMask = 2147483647;
			files = (
				C20818A921766E64006C4F43 /* LaunchScreen.storyboard in Resources */,
				C20818A621766E64006C4F43 /* Assets.xcassets in Resources */,
				C20818A421766E61006C4F43 /* Main.storyboard in Resources */,
			);
			runOnlyForDeploymentPostprocessing = 0;
		};
/* End PBXResourcesBuildPhase section */

/* Begin PBXSourcesBuildPhase section */
		C208189721766E61006C4F43 /* Sources */ = {
			isa = PBXSourcesBuildPhase;
			buildActionMask = 2147483647;
			files = (
				C20818A121766E61006C4F43 /* ViewController.swift in Sources */,
				C208189F21766E61006C4F43 /* AppDelegate.swift in Sources */,
				C20818B121766EDF006C4F43 /* ble.swift in Sources */,
			);
			runOnlyForDeploymentPostprocessing = 0;
		};
/* End PBXSourcesBuildPhase section */

/* Begin PBXVariantGroup section */
		C20818A221766E61006C4F43 /* Main.storyboard */ = {
			isa = PBXVariantGroup;
			children = (
				C20818A321766E61006C4F43 /* Base */,
			);
			name = Main.storyboard;
			sourceTree = "<group>";
		};
		C20818A721766E64006C4F43 /* LaunchScreen.storyboard */ = {
			isa = PBXVariantGroup;
			children = (
				C20818A821766E64006C4F43 /* Base */,
			);
			name = LaunchScreen.storyboard;
			sourceTree = "<group>";
		};
/* End PBXVariantGroup section */

/* Begin XCBuildConfiguration section */
		C20818AB21766E64006C4F43 /* Debug */ = {
			isa = XCBuildConfiguration;
			buildSettings = {
				ALWAYS_SEARCH_USER_PATHS = NO;
				CLANG_ANALYZER_NONNULL = YES;
				CLANG_ANALYZER_NUMBER_OBJECT_CONVERSION = YES_AGGRESSIVE;
				CLANG_CXX_LANGUAGE_STANDARD = "gnu++14";
				CLANG_CXX_LIBRARY = "libc++";
				CLANG_ENABLE_MODULES = YES;
				CLANG_ENABLE_OBJC_ARC = YES;
				CLANG_ENABLE_OBJC_WEAK = YES;
				CLANG_WARN_BLOCK_CAPTURE_AUTORELEASING = YES;
				CLANG_WARN_BOOL_CONVERSION = YES;
				CLANG_WARN_COMMA = YES;
				CLANG_WARN_CONSTANT_CONVERSION = YES;
				CLANG_WARN_DEPRECATED_OBJC_IMPLEMENTATIONS = YES;
				CLANG_WARN_DIRECT_OBJC_ISA_USAGE = YES_ERROR;
				CLANG_WARN_DOCUMENTATION_COMMENTS = YES;
				CLANG_WARN_EMPTY_BODY = YES;
				CLANG_WARN_ENUM_CONVERSION = YES;
				CLANG_WARN_INFINITE_RECURSION = YES;
				CLANG_WARN_INT_CONVERSION = YES;
				CLANG_WARN_NON_LITERAL_NULL_CONVERSION = YES;
				CLANG_WARN_OBJC_IMPLICIT_RETAIN_SELF = YES;
				CLANG_WARN_OBJC_LITERAL_CONVERSION = YES;
				CLANG_WARN_OBJC_ROOT_CLASS = YES_ERROR;
				CLANG_WARN_RANGE_LOOP_ANALYSIS = YES;
				CLANG_WARN_STRICT_PROTOTYPES = YES;
				CLANG_WARN_SUSPICIOUS_MOVE = YES;
				CLANG_WARN_UNGUARDED_AVAILABILITY = YES_AGGRESSIVE;
				CLANG_WARN_UNREACHABLE_CODE = YES;
				CLANG_WARN__DUPLICATE_METHOD_MATCH = YES;
				CODE_SIGN_IDENTITY = "iPhone Developer";
				COPY_PHASE_STRIP = NO;
				DEBUG_INFORMATION_FORMAT = dwarf;
				ENABLE_STRICT_OBJC_MSGSEND = YES;
				ENABLE_TESTABILITY = YES;
				GCC_C_LANGUAGE_STANDARD = gnu11;
				GCC_DYNAMIC_NO_PIC = NO;
				GCC_NO_COMMON_BLOCKS = YES;
				GCC_OPTIMIZATION_LEVEL = 0;
				GCC_PREPROCESSOR_DEFINITIONS = (
					"DEBUG=1",
					"$(inherited)",
				);
				GCC_WARN_64_TO_32_BIT_CONVERSION = YES;
				GCC_WARN_ABOUT_RETURN_TYPE = YES_ERROR;
				GCC_WARN_UNDECLARED_SELECTOR = YES;
				GCC_WARN_UNINITIALIZED_AUTOS = YES_AGGRESSIVE;
				GCC_WARN_UNUSED_FUNCTION = YES;
				GCC_WARN_UNUSED_VARIABLE = YES;
				IPHONEOS_DEPLOYMENT_TARGET = 12.0;
				MTL_ENABLE_DEBUG_INFO = INCLUDE_SOURCE;
				MTL_FAST_MATH = YES;
				ONLY_ACTIVE_ARCH = YES;
				SDKROOT = iphoneos;
				SWIFT_ACTIVE_COMPILATION_CONDITIONS = DEBUG;
				SWIFT_OPTIMIZATION_LEVEL = "-Onone";
			};
			name = Debug;
		};
		C20818AC21766E64006C4F43 /* Release */ = {
			isa = XCBuildConfiguration;
			buildSettings = {
				ALWAYS_SEARCH_USER_PATHS = NO;
				CLANG_ANALYZER_NONNULL = YES;
				CLANG_ANALYZER_NUMBER_OBJECT_CONVERSION = YES_AGGRESSIVE;
				CLANG_CXX_LANGUAGE_STANDARD = "gnu++14";
				CLANG_CXX_LIBRARY = "libc++";
				CLANG_ENABLE_MODULES = YES;
				CLANG_ENABLE_OBJC_ARC = YES;
				CLANG_ENABLE_OBJC_WEAK = YES;
				CLANG_WARN_BLOCK_CAPTURE_AUTORELEASING = YES;
				CLANG_WARN_BOOL_CONVERSION = YES;
				CLANG_WARN_COMMA = YES;
				CLANG_WARN_CONSTANT_CONVERSION = YES;
				CLANG_WARN_DEPRECATED_OBJC_IMPLEMENTATIONS = YES;
				CLANG_WARN_DIRECT_OBJC_ISA_USAGE = YES_ERROR;
				CLANG_WARN_DOCUMENTATION_COMMENTS = YES;
				CLANG_WARN_EMPTY_BODY = YES;
				CLANG_WARN_ENUM_CONVERSION = YES;
				CLANG_WARN_INFINITE_RECURSION = YES;
				CLANG_WARN_INT_CONVERSION = YES;
				CLANG_WARN_NON_LITERAL_NULL_CONVERSION = YES;
				CLANG_WARN_OBJC_IMPLICIT_RETAIN_SELF = YES;
				CLANG_WARN_OBJC_LITERAL_CONVERSION = YES;
				CLANG_WARN_OBJC_ROOT_CLASS = YES_ERROR;
				CLANG_WARN_RANGE_LOOP_ANALYSIS = YES;
				CLANG_WARN_STRICT_PROTOTYPES = YES;
				CLANG_WARN_SUSPICIOUS_MOVE = YES;
				CLANG_WARN_UNGUARDED_AVAILABILITY = YES_AGGRESSIVE;
				CLANG_WARN_UNREACHABLE_CODE = YES;
				CLANG_WARN__DUPLICATE_METHOD_MATCH = YES;
				CODE_SIGN_IDENTITY = "iPhone Developer";
				COPY_PHASE_STRIP = NO;
				DEBUG_INFORMATION_FORMAT = "dwarf-with-dsym";
				ENABLE_NS_ASSERTIONS = NO;
				ENABLE_STRICT_OBJC_MSGSEND = YES;
				GCC_C_LANGUAGE_STANDARD = gnu11;
				GCC_NO_COMMON_BLOCKS = YES;
				GCC_WARN_64_TO_32_BIT_CONVERSION = YES;
				GCC_WARN_ABOUT_RETURN_TYPE = YES_ERROR;
				GCC_WARN_UNDECLARED_SELECTOR = YES;
				GCC_WARN_UNINITIALIZED_AUTOS = YES_AGGRESSIVE;
				GCC_WARN_UNUSED_FUNCTION = YES;
				GCC_WARN_UNUSED_VARIABLE = YES;
				IPHONEOS_DEPLOYMENT_TARGET = 12.0;
				MTL_ENABLE_DEBUG_INFO = NO;
				MTL_FAST_MATH = YES;
				SDKROOT = iphoneos;
				SWIFT_COMPILATION_MODE = wholemodule;
				SWIFT_OPTIMIZATION_LEVEL = "-O";
				VALIDATE_PRODUCT = YES;
			};
			name = Release;
		};
		C20818AE21766E64006C4F43 /* Debug */ = {
			isa = XCBuildConfiguration;
			buildSettings = {
				ASSETCATALOG_COMPILER_APPICON_NAME = AppIcon;
				CODE_SIGN_STYLE = Automatic;
				DEVELOPMENT_TEAM = JWBZSAM92S;
				INFOPLIST_FILE = ble_example/Info.plist;
				LD_RUNPATH_SEARCH_PATHS = (
					"$(inherited)",
					"@executable_path/Frameworks",
				);
				PRODUCT_BUNDLE_IDENTIFIER = "com.ble-example";
				PRODUCT_NAME = "$(TARGET_NAME)";
				SWIFT_VERSION = 4.2;
				TARGETED_DEVICE_FAMILY = "1,2";
			};
			name = Debug;
		};
		C20818AF21766E64006C4F43 /* Release */ = {
			isa = XCBuildConfiguration;
			buildSettings = {
				ASSETCATALOG_COMPILER_APPICON_NAME = AppIcon;
				CODE_SIGN_STYLE = Automatic;
				DEVELOPMENT_TEAM = JWBZSAM92S;
				INFOPLIST_FILE = ble_example/Info.plist;
				LD_RUNPATH_SEARCH_PATHS = (
					"$(inherited)",
					"@executable_path/Frameworks",
				);
				PRODUCT_BUNDLE_IDENTIFIER = "com.ble-example";
				PRODUCT_NAME = "$(TARGET_NAME)";
				SWIFT_VERSION = 4.2;
				TARGETED_DEVICE_FAMILY = "1,2";
			};
			name = Release;
		};
/* End XCBuildConfiguration section */

/* Begin XCConfigurationList section */
		C208189621766E61006C4F43 /* Build configuration list for PBXProject "ble_example" */ = {
			isa = XCConfigurationList;
			buildConfigurations = (
				C20818AB21766E64006C4F43 /* Debug */,
				C20818AC21766E64006C4F43 /* Release */,
			);
			defaultConfigurationIsVisible = 0;
			defaultConfigurationName = Release;
		};
		C20818AD21766E64006C4F43 /* Build configuration list for PBXNativeTarget "ble_example" */ = {
			isa = XCConfigurationList;
			buildConfigurations = (
				C20818AE21766E64006C4F43 /* Debug */,
				C20818AF21766E64006C4F43 /* Release */,
			);
			defaultConfigurationIsVisible = 0;
			defaultConfigurationName = Release;
		};
/* End XCConfigurationList section */
	};
	rootObject = C208189321766E61006C4F43 /* Project object */;
}
